
Microsoft Visual Studio Solution File, Format Version 12.00
Project("{FAE04EC0-301F-11D3-BF4B-00C04F79EFBC}") = "Domain", "Domain\Domain.csproj", "{48FA5B7C-4698-403E-8E16-D3D5B463F3BF}"
EndProject
Project("{FAE04EC0-301F-11D3-BF4B-00C04F79EFBC}") = "Infrastructure", "Infrastructure\Infrastructure.csproj", "{E210BBA5-3FDF-4FB2-B121-3D17DAADC54C}"
EndProject
Project("{FAE04EC0-301F-11D3-BF4B-00C04F79EFBC}") = "Application", "Application\Application.csproj", "{32092C88-4D60-4E30-A428-26A2ADC93E08}"
EndProject
Project("{FAE04EC0-301F-11D3-BF4B-00C04F79EFBC}") = "Web", "Web\Web.csproj", "{C05C784B-CBC5-4562-8F37-B180F649ACCC}"
EndProject
Global
	GlobalSection(SolutionConfigurationPlatforms) = preSolution
		Debug|Any CPU = Debug|Any CPU
		Release|Any CPU = Release|Any CPU
	EndGlobalSection
	GlobalSection(ProjectConfigurationPlatforms) = postSolution
		{48FA5B7C-4698-403E-8E16-D3D5B463F3BF}.Debug|Any CPU.ActiveCfg = Debug|Any CPU
		{48FA5B7C-4698-403E-8E16-D3D5B463F3BF}.Debug|Any CPU.Build.0 = Debug|Any CPU
		{48FA5B7C-4698-403E-8E16-D3D5B463F3BF}.Release|Any CPU.ActiveCfg = Release|Any CPU
		{48FA5B7C-4698-403E-8E16-D3D5B463F3BF}.Release|Any CPU.Build.0 = Release|Any CPU
		{E210BBA5-3FDF-4FB2-B121-3D17DAADC54C}.Debug|Any CPU.ActiveCfg = Debug|Any CPU
		{E210BBA5-3FDF-4FB2-B121-3D17DAADC54C}.Debug|Any CPU.Build.0 = Debug|Any CPU
		{E210BBA5-3FDF-4FB2-B121-3D17DAADC54C}.Release|Any CPU.ActiveCfg = Release|Any CPU
		{E210BBA5-3FDF-4FB2-B121-3D17DAADC54C}.Release|Any CPU.Build.0 = Release|Any CPU
		{32092C88-4D60-4E30-A428-26A2ADC93E08}.Debug|Any CPU.ActiveCfg = Debug|Any CPU
		{32092C88-4D60-4E30-A428-26A2ADC93E08}.Debug|Any CPU.Build.0 = Debug|Any CPU
		{32092C88-4D60-4E30-A428-26A2ADC93E08}.Release|Any CPU.ActiveCfg = Release|Any CPU
		{32092C88-4D60-4E30-A428-26A2ADC93E08}.Release|Any CPU.Build.0 = Release|Any CPU
		{C05C784B-CBC5-4562-8F37-B180F649ACCC}.Debug|Any CPU.ActiveCfg = Debug|Any CPU
		{C05C784B-CBC5-4562-8F37-B180F649ACCC}.Debug|Any CPU.Build.0 = Debug|Any CPU
		{C05C784B-CBC5-4562-8F37-B180F649ACCC}.Release|Any CPU.ActiveCfg = Release|Any CPU
		{C05C784B-CBC5-4562-8F37-B180F649ACCC}.Release|Any CPU.Build.0 = Release|Any CPU
	EndGlobalSection
EndGlobal
